// !$*UTF8*$!
{
	archiveVersion = 1;
	classes = {
	};
	objectVersion = 50;
	objects = {

/* Begin PBXBuildFile section */
		EBD50DA42503A27500402665 /* AppDelegate.swift in Sources */ = {isa = PBXBuildFile; fileRef = EBD50DA32503A27500402665 /* AppDelegate.swift */; };
		EBD50DA62503A27500402665 /* SceneDelegate.swift in Sources */ = {isa = PBXBuildFile; fileRef = EBD50DA52503A27500402665 /* SceneDelegate.swift */; };
		EBD50DA82503A27500402665 /* ContentView.swift in Sources */ = {isa = PBXBuildFile; fileRef = EBD50DA72503A27500402665 /* ContentView.swift */; };
		EBD50DAA2503A27700402665 /* Assets.xcassets in Resources */ = {isa = PBXBuildFile; fileRef = EBD50DA92503A27700402665 /* Assets.xcassets */; };
		EBD50DAD2503A27700402665 /* Preview Assets.xcassets in Resources */ = {isa = PBXBuildFile; fileRef = EBD50DAC2503A27700402665 /* Preview Assets.xcassets */; };
		EBD50DB02503A27700402665 /* LaunchScreen.storyboard in Resources */ = {isa = PBXBuildFile; fileRef = EBD50DAE2503A27700402665 /* LaunchScreen.storyboard */; };
		EBD50DB92503ADAB00402665 /* Hikes.swift in Sources */ = {isa = PBXBuildFile; fileRef = EBD50DB82503ADAB00402665 /* Hikes.swift */; };
		EBF75BCB2504EBC200E3238A /* HikeDetails.swift in Sources */ = {isa = PBXBuildFile; fileRef = EBF75BCA2504EBC200E3238A /* HikeDetails.swift */; };
/* End PBXBuildFile section */

/* Begin PBXFileReference section */
		EBD50DA02503A27500402665 /* SwiftUIAZM.app */ = {isa = PBXFileReference; explicitFileType = wrapper.application; includeInIndex = 0; path = SwiftUIAZM.app; sourceTree = BUILT_PRODUCTS_DIR; };
		EBD50DA32503A27500402665 /* AppDelegate.swift */ = {isa = PBXFileReference; lastKnownFileType = sourcecode.swift; path = AppDelegate.swift; sourceTree = "<group>"; };
		EBD50DA52503A27500402665 /* SceneDelegate.swift */ = {isa = PBXFileReference; lastKnownFileType = sourcecode.swift; path = SceneDelegate.swift; sourceTree = "<group>"; };
		EBD50DA72503A27500402665 /* ContentView.swift */ = {isa = PBXFileReference; lastKnownFileType = sourcecode.swift; path = ContentView.swift; sourceTree = "<group>"; };
		EBD50DA92503A27700402665 /* Assets.xcassets */ = {isa = PBXFileReference; lastKnownFileType = folder.assetcatalog; path = Assets.xcassets; sourceTree = "<group>"; };
		EBD50DAC2503A27700402665 /* Preview Assets.xcassets */ = {isa = PBXFileReference; lastKnownFileType = folder.assetcatalog; path = "Preview Assets.xcassets"; sourceTree = "<group>"; };
		EBD50DAF2503A27700402665 /* Base */ = {isa = PBXFileReference; lastKnownFileType = file.storyboard; name = Base; path = Base.lproj/LaunchScreen.storyboard; sourceTree = "<group>"; };
		EBD50DB12503A27700402665 /* Info.plist */ = {isa = PBXFileReference; lastKnownFileType = text.plist.xml; path = Info.plist; sourceTree = "<group>"; };
		EBD50DB82503ADAB00402665 /* Hikes.swift */ = {isa = PBXFileReference; lastKnownFileType = sourcecode.swift; path = Hikes.swift; sourceTree = "<group>"; };
		EBF75BCA2504EBC200E3238A /* HikeDetails.swift */ = {isa = PBXFileReference; lastKnownFileType = sourcecode.swift; path = HikeDetails.swift; sourceTree = "<group>"; };
/* End PBXFileReference section */

/* Begin PBXFrameworksBuildPhase section */
		EBD50D9D2503A27500402665 /* Frameworks */ = {
			isa = PBXFrameworksBuildPhase;
			buildActionMask = 2147483647;
			files = (
			);
			runOnlyForDeploymentPostprocessing = 0;
		};
/* End PBXFrameworksBuildPhase section */

/* Begin PBXGroup section */
		EBD50D972503A27500402665 = {
			isa = PBXGroup;
			children = (
				EBD50DA22503A27500402665 /* SwiftUIAZM */,
				EBD50DA12503A27500402665 /* Products */,
			);
			sourceTree = "<group>";
		};
		EBD50DA12503A27500402665 /* Products */ = {
			isa = PBXGroup;
			children = (
				EBD50DA02503A27500402665 /* SwiftUIAZM.app */,
			);
			name = Products;
			sourceTree = "<group>";
		};
		EBD50DA22503A27500402665 /* SwiftUIAZM */ = {
			isa = PBXGroup;
			children = (
				EBF75BC92504EB2D00E3238A /* View */,
				EBD50DB72503AD5500402665 /* Model */,
				EBD50DA32503A27500402665 /* AppDelegate.swift */,
				EBD50DA52503A27500402665 /* SceneDelegate.swift */,
				EBD50DA92503A27700402665 /* Assets.xcassets */,
				EBD50DAE2503A27700402665 /* LaunchScreen.storyboard */,
				EBD50DB12503A27700402665 /* Info.plist */,
				EBD50DAB2503A27700402665 /* Preview Content */,
			);
			path = SwiftUIAZM;
			sourceTree = "<group>";
		};
		EBD50DAB2503A27700402665 /* Preview Content */ = {
			isa = PBXGroup;
			children = (
				EBD50DAC2503A27700402665 /* Preview Assets.xcassets */,
			);
			path = "Preview Content";
			sourceTree = "<group>";
		};
		EBD50DB72503AD5500402665 /* Model */ = {
			isa = PBXGroup;
			children = (
				EBD50DB82503ADAB00402665 /* Hikes.swift */,
			);
			path = Model;
			sourceTree = "<group>";
		};
		EBF75BC92504EB2D00E3238A /* View */ = {
			isa = PBXGroup;
			children = (
				EBD50DA72503A27500402665 /* ContentView.swift */,
				EBF75BCA2504EBC200E3238A /* HikeDetails.swift */,
			);
			path = View;
			sourceTree = "<group>";
		};
/* End PBXGroup section */

/* Begin PBXNativeTarget section */
		EBD50D9F2503A27500402665 /* SwiftUIAZM */ = {
			isa = PBXNativeTarget;
			buildConfigurationList = EBD50DB42503A27700402665 /* Build configuration list for PBXNativeTarget "SwiftUIAZM" */;
			buildPhases = (
				EBD50D9C2503A27500402665 /* Sources */,
				EBD50D9D2503A27500402665 /* Frameworks */,
				EBD50D9E2503A27500402665 /* Resources */,
			);
			buildRules = (
			);
			dependencies = (
			);
			name = SwiftUIAZM;
			productName = SwiftUIAZM;
			productReference = EBD50DA02503A27500402665 /* SwiftUIAZM.app */;
			productType = "com.apple.product-type.application";
		};
/* End PBXNativeTarget section */

/* Begin PBXProject section */
		EBD50D982503A27500402665 /* Project object */ = {
			isa = PBXProject;
			attributes = {
				LastSwiftUpdateCheck = 1160;
				LastUpgradeCheck = 1160;
				ORGANIZATIONNAME = "MD Tanvir Alam";
				TargetAttributes = {
					EBD50D9F2503A27500402665 = {
						CreatedOnToolsVersion = 11.6;
					};
				};
			};
			buildConfigurationList = EBD50D9B2503A27500402665 /* Build configuration list for PBXProject "SwiftUIAZM" */;
			compatibilityVersion = "Xcode 9.3";
			developmentRegion = en;
			hasScannedForEncodings = 0;
			knownRegions = (
				en,
				Base,
			);
			mainGroup = EBD50D972503A27500402665;
			productRefGroup = EBD50DA12503A27500402665 /* Products */;
			projectDirPath = "";
			projectRoot = "";
			targets = (
				EBD50D9F2503A27500402665 /* SwiftUIAZM */,
			);
		};
/* End PBXProject section */

/* Begin PBXResourcesBuildPhase section */
		EBD50D9E2503A27500402665 /* Resources */ = {
			isa = PBXResourcesBuildPhase;
			buildActionMask = 2147483647;
			files = (
				EBD50DB02503A27700402665 /* LaunchScreen.storyboard in Resources */,
				EBD50DAD2503A27700402665 /* Preview Assets.xcassets in Resources */,
				EBD50DAA2503A27700402665 /* Assets.xcassets in Resources */,
			);
			runOnlyForDeploymentPostprocessing = 0;
		};
/* End PBXResourcesBuildPhase section */

/* Begin PBXSourcesBuildPhase section */
		EBD50D9C2503A27500402665 /* Sources */ = {
			isa = PBXSourcesBuildPhase;
			buildActionMask = 2147483647;
			files = (
				EBD50DA42503A27500402665 /* AppDelegate.swift in Sources */,
				EBF75BCB2504EBC200E3238A /* HikeDetails.swift in Sources */,
				EBD50DA62503A27500402665 /* SceneDelegate.swift in Sources */,
				EBD50DB92503ADAB00402665 /* Hikes.swift in Sources */,
				EBD50DA82503A27500402665 /* ContentView.swift in Sources */,
			);
			runOnlyForDeploymentPostprocessing = 0;
		};
/* End PBXSourcesBuildPhase section */

/* Begin PBXVariantGroup section */
		EBD50DAE2503A27700402665 /* LaunchScreen.storyboard */ = {
			isa = PBXVariantGroup;
			children = (
				EBD50DAF2503A27700402665 /* Base */,
			);
			name = LaunchScreen.storyboard;
			sourceTree = "<group>";
		};
/* End PBXVariantGroup section */

/* Begin XCBuildConfiguration section */
		EBD50DB22503A27700402665 /* Debug */ = {
			isa = XCBuildConfiguration;
			buildSettings = {
				ALWAYS_SEARCH_USER_PATHS = NO;
				CLANG_ANALYZER_NONNULL = YES;
				CLANG_ANALYZER_NUMBER_OBJECT_CONVERSION = YES_AGGRESSIVE;
				CLANG_CXX_LANGUAGE_STANDARD = "gnu++14";
				CLANG_CXX_LIBRARY = "libc++";
				CLANG_ENABLE_MODULES = YES;
				CLANG_ENABLE_OBJC_ARC = YES;
				CLANG_ENABLE_OBJC_WEAK = YES;
				CLANG_WARN_BLOCK_CAPTURE_AUTORELEASING = YES;
				CLANG_WARN_BOOL_CONVERSION = YES;
				CLANG_WARN_COMMA = YES;
				CLANG_WARN_CONSTANT_CONVERSION = YES;
				CLANG_WARN_DEPRECATED_OBJC_IMPLEMENTATIONS = YES;
				CLANG_WARN_DIRECT_OBJC_ISA_USAGE = YES_ERROR;
				CLANG_WARN_DOCUMENTATION_COMMENTS = YES;
				CLANG_WARN_EMPTY_BODY = YES;
				CLANG_WARN_ENUM_CONVERSION = YES;
				CLANG_WARN_INFINITE_RECURSION = YES;
				CLANG_WARN_INT_CONVERSION = YES;
				CLANG_WARN_NON_LITERAL_NULL_CONVERSION = YES;
				CLANG_WARN_OBJC_IMPLICIT_RETAIN_SELF = YES;
				CLANG_WARN_OBJC_LITERAL_CONVERSION = YES;
				CLANG_WARN_OBJC_ROOT_CLASS = YES_ERROR;
				CLANG_WARN_RANGE_LOOP_ANALYSIS = YES;
				CLANG_WARN_STRICT_PROTOTYPES = YES;
				CLANG_WARN_SUSPICIOUS_MOVE = YES;
				CLANG_WARN_UNGUARDED_AVAILABILITY = YES_AGGRESSIVE;
				CLANG_WARN_UNREACHABLE_CODE = YES;
				CLANG_WARN__DUPLICATE_METHOD_MATCH = YES;
				COPY_PHASE_STRIP = NO;
				DEBUG_INFORMATION_FORMAT = dwarf;
				ENABLE_STRICT_OBJC_MSGSEND = YES;
				ENABLE_TESTABILITY = YES;
				GCC_C_LANGUAGE_STANDARD = gnu11;
				GCC_DYNAMIC_NO_PIC = NO;
				GCC_NO_COMMON_BLOCKS = YES;
				GCC_OPTIMIZATION_LEVEL = 0;
				GCC_PREPROCESSOR_DEFINITIONS = (
					"DEBUG=1",
					"$(inherited)",
				);
				GCC_WARN_64_TO_32_BIT_CONVERSION = YES;
				GCC_WARN_ABOUT_RETURN_TYPE = YES_ERROR;
				GCC_WARN_UNDECLARED_SELECTOR = YES;
				GCC_WARN_UNINITIALIZED_AUTOS = YES_AGGRESSIVE;
				GCC_WARN_UNUSED_FUNCTION = YES;
				GCC_WARN_UNUSED_VARIABLE = YES;
				IPHONEOS_DEPLOYMENT_TARGET = 13.6;
				MTL_ENABLE_DEBUG_INFO = INCLUDE_SOURCE;
				MTL_FAST_MATH = YES;
				ONLY_ACTIVE_ARCH = YES;
				SDKROOT = iphoneos;
				SWIFT_ACTIVE_COMPILATION_CONDITIONS = DEBUG;
				SWIFT_OPTIMIZATION_LEVEL = "-Onone";
			};
			name = Debug;
		};
		EBD50DB32503A27700402665 /* Release */ = {
			isa = XCBuildConfiguration;
			buildSettings = {
				ALWAYS_SEARCH_USER_PATHS = NO;
				CLANG_ANALYZER_NONNULL = YES;
				CLANG_ANALYZER_NUMBER_OBJECT_CONVERSION = YES_AGGRESSIVE;
				CLANG_CXX_LANGUAGE_STANDARD = "gnu++14";
				CLANG_CXX_LIBRARY = "libc++";
				CLANG_ENABLE_MODULES = YES;
				CLANG_ENABLE_OBJC_ARC = YES;
				CLANG_ENABLE_OBJC_WEAK = YES;
				CLANG_WARN_BLOCK_CAPTURE_AUTORELEASING = YES;
				CLANG_WARN_BOOL_CONVERSION = YES;
				CLANG_WARN_COMMA = YES;
				CLANG_WARN_CONSTANT_CONVERSION = YES;
				CLANG_WARN_DEPRECATED_OBJC_IMPLEMENTATIONS = YES;
				CLANG_WARN_DIRECT_OBJC_ISA_USAGE = YES_ERROR;
				CLANG_WARN_DOCUMENTATION_COMMENTS = YES;
				CLANG_WARN_EMPTY_BODY = YES;
				CLANG_WARN_ENUM_CONVERSION = YES;
				CLANG_WARN_INFINITE_RECURSION = YES;
				CLANG_WARN_INT_CONVERSION = YES;
				CLANG_WARN_NON_LITERAL_NULL_CONVERSION = YES;
				CLANG_WARN_OBJC_IMPLICIT_RETAIN_SELF = YES;
				CLANG_WARN_OBJC_LITERAL_CONVERSION = YES;
				CLANG_WARN_OBJC_ROOT_CLASS = YES_ERROR;
				CLANG_WARN_RANGE_LOOP_ANALYSIS = YES;
				CLANG_WARN_STRICT_PROTOTYPES = YES;
				CLANG_WARN_SUSPICIOUS_MOVE = YES;
				CLANG_WARN_UNGUARDED_AVAILABILITY = YES_AGGRESSIVE;
				CLANG_WARN_UNREACHABLE_CODE = YES;
				CLANG_WARN__DUPLICATE_METHOD_MATCH = YES;
				COPY_PHASE_STRIP = NO;
				DEBUG_INFORMATION_FORMAT = "dwarf-with-dsym";
				ENABLE_NS_ASSERTIONS = NO;
				ENABLE_STRICT_OBJC_MSGSEND = YES;
				GCC_C_LANGUAGE_STANDARD = gnu11;
				GCC_NO_COMMON_BLOCKS = YES;
				GCC_WARN_64_TO_32_BIT_CONVERSION = YES;
				GCC_WARN_ABOUT_RETURN_TYPE = YES_ERROR;
				GCC_WARN_UNDECLARED_SELECTOR = YES;
				GCC_WARN_UNINITIALIZED_AUTOS = YES_AGGRESSIVE;
				GCC_WARN_UNUSED_FUNCTION = YES;
				GCC_WARN_UNUSED_VARIABLE = YES;
				IPHONEOS_DEPLOYMENT_TARGET = 13.6;
				MTL_ENABLE_DEBUG_INFO = NO;
				MTL_FAST_MATH = YES;
				SDKROOT = iphoneos;
				SWIFT_COMPILATION_MODE = wholemodule;
				SWIFT_OPTIMIZATION_LEVEL = "-O";
				VALIDATE_PRODUCT = YES;
			};
			name = Release;
		};
		EBD50DB52503A27700402665 /* Debug */ = {
			isa = XCBuildConfiguration;
			buildSettings = {
				ASSETCATALOG_COMPILER_APPICON_NAME = AppIcon;
				CODE_SIGN_STYLE = Automatic;
				DEVELOPMENT_ASSET_PATHS = "\"SwiftUIAZM/Preview Content\"";
				DEVELOPMENT_TEAM = K924X73642;
				ENABLE_PREVIEWS = YES;
				INFOPLIST_FILE = SwiftUIAZM/Info.plist;
				LD_RUNPATH_SEARCH_PATHS = (
					"$(inherited)",
					"@executable_path/Frameworks",
				);
				PRODUCT_BUNDLE_IDENTIFIER = com.tanvirgeek.SwiftUIAZM;
				PRODUCT_NAME = "$(TARGET_NAME)";
				SWIFT_VERSION = 5.0;
				TARGETED_DEVICE_FAMILY = "1,2";
			};
			name = Debug;
		};
		EBD50DB62503A27700402665 /* Release */ = {
			isa = XCBuildConfiguration;
			buildSettings = {
				ASSETCATALOG_COMPILER_APPICON_NAME = AppIcon;
				CODE_SIGN_STYLE = Automatic;
				DEVELOPMENT_ASSET_PATHS = "\"SwiftUIAZM/Preview Content\"";
				DEVELOPMENT_TEAM = K924X73642;
				ENABLE_PREVIEWS = YES;
				INFOPLIST_FILE = SwiftUIAZM/Info.plist;
				LD_RUNPATH_SEARCH_PATHS = (
					"$(inherited)",
					"@executable_path/Frameworks",
				);
				PRODUCT_BUNDLE_IDENTIFIER = com.tanvirgeek.SwiftUIAZM;
				PRODUCT_NAME = "$(TARGET_NAME)";
				SWIFT_VERSION = 5.0;
				TARGETED_DEVICE_FAMILY = "1,2";
			};
			name = Release;
		};
/* End XCBuildConfiguration section */

/* Begin XCConfigurationList section */
		EBD50D9B2503A27500402665 /* Build configuration list for PBXProject "SwiftUIAZM" */ = {
			isa = XCConfigurationList;
			buildConfigurations = (
				EBD50DB22503A27700402665 /* Debug */,
				EBD50DB32503A27700402665 /* Release */,
			);
			defaultConfigurationIsVisible = 0;
			defaultConfigurationName = Release;
		};
		EBD50DB42503A27700402665 /* Build configuration list for PBXNativeTarget "SwiftUIAZM" */ = {
			isa = XCConfigurationList;
			buildConfigurations = (
				EBD50DB52503A27700402665 /* Debug */,
				EBD50DB62503A27700402665 /* Release */,
			);
			defaultConfigurationIsVisible = 0;
			defaultConfigurationName = Release;
		};
/* End XCConfigurationList section */
	};
	rootObject = EBD50D982503A27500402665 /* Project object */;
}
